# This file is automatically @generated by Cargo.
# It is not intended for manual editing.
version = 4

[[package]]
name = "dissimilar"
version = "1.0.10"
source = "registry+https://github.com/rust-lang/crates.io-index"
checksum = "8975ffdaa0ef3661bfe02dbdcc06c9f829dfafe6a3c474de366a8d5e44276921"

[[package]]
name = "either"
version = "1.15.0"
source = "registry+https://github.com/rust-lang/crates.io-index"
checksum = "48c757948c5ede0e46177b7add2e67155f70e33c07fea8284df6576da70b3719"

[[package]]
name = "expect-test"
version = "1.5.1"
source = "registry+https://github.com/rust-lang/crates.io-index"
checksum = "63af43ff4431e848fb47472a920f14fa71c24de13255a5692e93d4e90302acb0"
dependencies = [
 "dissimilar",
 "once_cell",
]

[[package]]
name = "itertools"
version = "0.14.0"
source = "registry+https://github.com/rust-lang/crates.io-index"
checksum = "2b192c782037fadd9cfa75548310488aabdbf3d2da73885b31bd0abd03351285"
dependencies = [
 "either",
]

[[package]]
name = "once_cell"
version = "1.21.3"
source = "registry+https://github.com/rust-lang/crates.io-index"
checksum = "42f5e15c9953c5e4ccceeb2e7382a716482c34515315f7b03532b8b4e8393d2d"

[[package]]
name = "pror"
version = "0.1.0"
dependencies = [
 "expect-test",
 "itertools",
]
